
Microsoft Visual Studio Solution File, Format Version 12.00
Project("{FAE04EC0-301F-11D3-BF4B-00C04F79EFBC}") = "GroceryList.15.05", "GroceryList.15.05\GroceryList.15.05.csproj", "{405499D6-3BBB-4226-AE1B-3C5017118465}"
EndProject
Global
	GlobalSection(SolutionConfigurationPlatforms) = preSolution
		Debug|Any CPU = Debug|Any CPU
		Release|Any CPU = Release|Any CPU
	EndGlobalSection
	GlobalSection(ProjectConfigurationPlatforms) = postSolution
		{405499D6-3BBB-4226-AE1B-3C5017118465}.Debug|Any CPU.ActiveCfg = Debug|Any CPU
		{405499D6-3BBB-4226-AE1B-3C5017118465}.Debug|Any CPU.Build.0 = Debug|Any CPU
		{405499D6-3BBB-4226-AE1B-3C5017118465}.Release|Any CPU.ActiveCfg = Release|Any CPU
		{405499D6-3BBB-4226-AE1B-3C5017118465}.Release|Any CPU.Build.0 = Release|Any CPU
	EndGlobalSection
EndGlobal
